
Microsoft Visual Studio Solution File, Format Version 12.00
# Visual Studio Version 17
VisualStudioVersion = 17.6.33717.318
MinimumVisualStudioVersion = 10.0.40219.1
Project("{FAE04EC0-301F-11D3-BF4B-00C04F79EFBC}") = "Ejercicio2_herencia", "Ejercicio2_herencia\Ejercicio2_herencia.csproj", "{384F7B1F-4651-4526-AD27-A4D07F4B52DF}"
EndProject
Global
	GlobalSection(SolutionConfigurationPlatforms) = preSolution
		Debug|Any CPU = Debug|Any CPU
		Release|Any CPU = Release|Any CPU
	EndGlobalSection
	GlobalSection(ProjectConfigurationPlatforms) = postSolution
		{384F7B1F-4651-4526-AD27-A4D07F4B52DF}.Debug|Any CPU.ActiveCfg = Debug|Any CPU
		{384F7B1F-4651-4526-AD27-A4D07F4B52DF}.Debug|Any CPU.Build.0 = Debug|Any CPU
		{384F7B1F-4651-4526-AD27-A4D07F4B52DF}.Release|Any CPU.ActiveCfg = Release|Any CPU
		{384F7B1F-4651-4526-AD27-A4D07F4B52DF}.Release|Any CPU.Build.0 = Release|Any CPU
	EndGlobalSection
	GlobalSection(SolutionProperties) = preSolution
		HideSolutionNode = FALSE
	EndGlobalSection
	GlobalSection(ExtensibilityGlobals) = postSolution
		SolutionGuid = {DC499FF4-561C-4805-AD2C-DC66C93A7921}
	EndGlobalSection
EndGlobal
